
Microsoft Visual Studio Solution File, Format Version 12.00
# Visual Studio 14
VisualStudioVersion = 14.0.25123.0
MinimumVisualStudioVersion = 10.0.40219.1
Project("{FAE04EC0-301F-11D3-BF4B-00C04F79EFBC}") = "SignalR.Web", "SignalR.Web\SignalR.Web.csproj", "{E43AAA50-06F4-449C-9D77-EF0A3B0F6AD6}"
EndProject
Project("{FAE04EC0-301F-11D3-BF4B-00C04F79EFBC}") = "SignalR.Api", "SignalR.Api\SignalR.Api.csproj", "{5B904DB1-51A6-4446-BD5C-72CB352DC9A1}"
EndProject
Project("{FAE04EC0-301F-11D3-BF4B-00C04F79EFBC}") = "SignalR.MVC", "SignalR.MVC\SignalR.MVC.csproj", "{EA25E7C0-850D-4DF1-ADBB-18B71C273C0A}"
EndProject
Global
	GlobalSection(SolutionConfigurationPlatforms) = preSolution
		Debug|Any CPU = Debug|Any CPU
		Release|Any CPU = Release|Any CPU
	EndGlobalSection
	GlobalSection(ProjectConfigurationPlatforms) = postSolution
		{E43AAA50-06F4-449C-9D77-EF0A3B0F6AD6}.Debug|Any CPU.ActiveCfg = Debug|Any CPU
		{E43AAA50-06F4-449C-9D77-EF0A3B0F6AD6}.Debug|Any CPU.Build.0 = Debug|Any CPU
		{E43AAA50-06F4-449C-9D77-EF0A3B0F6AD6}.Release|Any CPU.ActiveCfg = Release|Any CPU
		{E43AAA50-06F4-449C-9D77-EF0A3B0F6AD6}.Release|Any CPU.Build.0 = Release|Any CPU
		{5B904DB1-51A6-4446-BD5C-72CB352DC9A1}.Debug|Any CPU.ActiveCfg = Debug|Any CPU
		{5B904DB1-51A6-4446-BD5C-72CB352DC9A1}.Debug|Any CPU.Build.0 = Debug|Any CPU
		{5B904DB1-51A6-4446-BD5C-72CB352DC9A1}.Release|Any CPU.ActiveCfg = Release|Any CPU
		{5B904DB1-51A6-4446-BD5C-72CB352DC9A1}.Release|Any CPU.Build.0 = Release|Any CPU
		{EA25E7C0-850D-4DF1-ADBB-18B71C273C0A}.Debug|Any CPU.ActiveCfg = Debug|Any CPU
		{EA25E7C0-850D-4DF1-ADBB-18B71C273C0A}.Debug|Any CPU.Build.0 = Debug|Any CPU
		{EA25E7C0-850D-4DF1-ADBB-18B71C273C0A}.Release|Any CPU.ActiveCfg = Release|Any CPU
		{EA25E7C0-850D-4DF1-ADBB-18B71C273C0A}.Release|Any CPU.Build.0 = Release|Any CPU
	EndGlobalSection
	GlobalSection(SolutionProperties) = preSolution
		HideSolutionNode = FALSE
	EndGlobalSection
EndGlobal
